{
  "originHash" : "60e4fc540e58a588a5593f57b213dc90d0ad759d4df346fb52d78f45fc19f0fa",
  "pins" : [
    {
      "identity" : "colortokenskit-swift",
      "kind" : "remoteSourceControl",
      "location" : "https://github.com/metasidd/ColorTokensKit-Swift.git",
      "state" : {
        "revision" : "cba1f4c857412f9f241efce4ce79302c487710f2",
        "version" : "0.3.0"
      }
    },
    {
      "identity" : "emojikit",
      "kind" : "remoteSourceControl",
      "location" : "https://github.com/danielsaidi/EmojiKit.git",
      "state" : {
        "revision" : "e615f635e0b45f852c37b3f7a42e17a2ce1857a9",
        "version" : "2.5.0"
      }
    },
    {
      "identity" : "kkit-swift-package",
      "kind" : "remoteSourceControl",
      "location" : "https://github.com/krish11031998-pythonwhisperer/KKit-Swift-Package",
      "state" : {
        "revision" : "6171e38c5bb0bf20b9c9c8f504326c2195ecefca",
        "version" : "2.4.8"
      }
    },
    {
      "identity" : "purchases-ios-spm",
      "kind" : "remoteSourceControl",
      "location" : "https://github.com/RevenueCat/purchases-ios-spm.git",
      "state" : {
        "revision" : "1b65c3baa951ad5ef4ab46f3b96a6e1dcc5cf015",
        "version" : "5.89.0"
      }
    },
    {
      "identity" : "sfsafesymbols",
      "kind" : "remoteSourceControl",
      "location" : "https://github.com/SFSafeSymbols/SFSafeSymbols.git",
      "state" : {
        "revision" : "e01b3d4f861412f8dcee8d93c417d2c2b0cdfd77",
        "version" : "7.0.0"
      }
    },
    {
      "identity" : "swift-async-algorithms",
      "kind" : "remoteSourceControl",
      "location" : "https://github.com/apple/swift-async-algorithms.git",
      "state" : {
        "revision" : "3da39bbc4e687d4192af7c9cf4eab805745a0b9c",
        "version" : "1.1.5"
      }
    },
    {
      "identity" : "swift-collections",
      "kind" : "remoteSourceControl",
      "location" : "https://github.com/apple/swift-collections.git",
      "state" : {
        "revision" : "a0cb0954ecb21e4e31b0070e6ed5674e8556685a",
        "version" : "1.6.0"
      }
    }
  ],
  "version" : 3
}
